
Microsoft Visual Studio Solution File, Format Version 12.00
# Visual Studio Version 16
VisualStudioVersion = 16.0.29519.181
MinimumVisualStudioVersion = 10.0.40219.1
Project("{9A19103F-16F7-4668-BE54-9A1E7A4F7556}") = "Speed_Tracker", "Speed_Tracker\Speed_Tracker.csproj", "{BF737329-DE02-4394-98E9-6F405ED62FEE}"
EndProject
Project("{9A19103F-16F7-4668-BE54-9A1E7A4F7556}") = "Factorial_Finder", "Factorial_Finder\Factorial_Finder.csproj", "{1BCA8791-8BC2-4FF4-A7D2-72A38631982F}"
EndProject
Project("{9A19103F-16F7-4668-BE54-9A1E7A4F7556}") = "Classification", "Classification\Classification.csproj", "{BA8DA6B0-9EF8-45EE-A345-086DAA2C07CC}"
EndProject
Project("{9A19103F-16F7-4668-BE54-9A1E7A4F7556}") = "Unit_Converter", "Unit_Converter\Unit_Converter.csproj", "{25879E21-5603-4796-A6CD-634012751D9A}"
EndProject
Project("{FAE04EC0-301F-11D3-BF4B-00C04F79EFBC}") = "Fruit_Machine", "Fruit_Machine\Fruit_Machine.csproj", "{00CC1B8D-5DF9-407C-BF2F-0A26FE044087}"
EndProject
Global
	GlobalSection(SolutionConfigurationPlatforms) = preSolution
		Debug|Any CPU = Debug|Any CPU
		Release|Any CPU = Release|Any CPU
	EndGlobalSection
	GlobalSection(ProjectConfigurationPlatforms) = postSolution
		{BF737329-DE02-4394-98E9-6F405ED62FEE}.Debug|Any CPU.ActiveCfg = Debug|Any CPU
		{BF737329-DE02-4394-98E9-6F405ED62FEE}.Debug|Any CPU.Build.0 = Debug|Any CPU
		{BF737329-DE02-4394-98E9-6F405ED62FEE}.Release|Any CPU.ActiveCfg = Release|Any CPU
		{BF737329-DE02-4394-98E9-6F405ED62FEE}.Release|Any CPU.Build.0 = Release|Any CPU
		{1BCA8791-8BC2-4FF4-A7D2-72A38631982F}.Debug|Any CPU.ActiveCfg = Debug|Any CPU
		{1BCA8791-8BC2-4FF4-A7D2-72A38631982F}.Debug|Any CPU.Build.0 = Debug|Any CPU
		{1BCA8791-8BC2-4FF4-A7D2-72A38631982F}.Release|Any CPU.ActiveCfg = Release|Any CPU
		{1BCA8791-8BC2-4FF4-A7D2-72A38631982F}.Release|Any CPU.Build.0 = Release|Any CPU
		{BA8DA6B0-9EF8-45EE-A345-086DAA2C07CC}.Debug|Any CPU.ActiveCfg = Debug|Any CPU
		{BA8DA6B0-9EF8-45EE-A345-086DAA2C07CC}.Debug|Any CPU.Build.0 = Debug|Any CPU
		{BA8DA6B0-9EF8-45EE-A345-086DAA2C07CC}.Release|Any CPU.ActiveCfg = Release|Any CPU
		{BA8DA6B0-9EF8-45EE-A345-086DAA2C07CC}.Release|Any CPU.Build.0 = Release|Any CPU
		{25879E21-5603-4796-A6CD-634012751D9A}.Debug|Any CPU.ActiveCfg = Debug|Any CPU
		{25879E21-5603-4796-A6CD-634012751D9A}.Debug|Any CPU.Build.0 = Debug|Any CPU
		{25879E21-5603-4796-A6CD-634012751D9A}.Release|Any CPU.ActiveCfg = Release|Any CPU
		{25879E21-5603-4796-A6CD-634012751D9A}.Release|Any CPU.Build.0 = Release|Any CPU
		{00CC1B8D-5DF9-407C-BF2F-0A26FE044087}.Debug|Any CPU.ActiveCfg = Debug|Any CPU
		{00CC1B8D-5DF9-407C-BF2F-0A26FE044087}.Debug|Any CPU.Build.0 = Debug|Any CPU
		{00CC1B8D-5DF9-407C-BF2F-0A26FE044087}.Release|Any CPU.ActiveCfg = Release|Any CPU
		{00CC1B8D-5DF9-407C-BF2F-0A26FE044087}.Release|Any CPU.Build.0 = Release|Any CPU
	EndGlobalSection
	GlobalSection(SolutionProperties) = preSolution
		HideSolutionNode = FALSE
	EndGlobalSection
	GlobalSection(ExtensibilityGlobals) = postSolution
		SolutionGuid = {0856AF48-9118-4032-BF4D-51956E05A7AA}
	EndGlobalSection
EndGlobal
