
Microsoft Visual Studio Solution File, Format Version 12.00
# Visual Studio Version 16
VisualStudioVersion = 16.0.29519.181
MinimumVisualStudioVersion = 10.0.40219.1
Project("{FAE04EC0-301F-11D3-BF4B-00C04F79EFBC}") = "Speed_Tracker", "Speed_Tracker\Speed_Tracker.csproj", "{BF737329-DE02-4394-98E9-6F405ED62FEE}"
EndProject
Global
	GlobalSection(SolutionConfigurationPlatforms) = preSolution
		Debug|Any CPU = Debug|Any CPU
		Release|Any CPU = Release|Any CPU
	EndGlobalSection
	GlobalSection(ProjectConfigurationPlatforms) = postSolution
		{BF737329-DE02-4394-98E9-6F405ED62FEE}.Debug|Any CPU.ActiveCfg = Debug|Any CPU
		{BF737329-DE02-4394-98E9-6F405ED62FEE}.Debug|Any CPU.Build.0 = Debug|Any CPU
		{BF737329-DE02-4394-98E9-6F405ED62FEE}.Release|Any CPU.ActiveCfg = Release|Any CPU
		{BF737329-DE02-4394-98E9-6F405ED62FEE}.Release|Any CPU.Build.0 = Release|Any CPU
	EndGlobalSection
	GlobalSection(SolutionProperties) = preSolution
		HideSolutionNode = FALSE
	EndGlobalSection
	GlobalSection(ExtensibilityGlobals) = postSolution
		SolutionGuid = {0856AF48-9118-4032-BF4D-51956E05A7AA}
	EndGlobalSection
EndGlobal
